// !$*UTF8*$!
{
	archiveVersion = 1;
	classes = {
	};
	objectVersion = 77;
	objects = {

/* Begin PBXContainerItemProxy section */
		FC61378F2D47F36E0000FEC7 /* PBXContainerItemProxy */ = {
			isa = PBXContainerItemProxy;
			containerPortal = FC6137762D47F36D0000FEC7 /* Project object */;
			proxyType = 1;
			remoteGlobalIDString = FC61377D2D47F36D0000FEC7;
			remoteInfo = threadline;
		};
		FC6137992D47F36E0000FEC7 /* PBXContainerItemProxy */ = {
			isa = PBXContainerItemProxy;
			containerPortal = FC6137762D47F36D0000FEC7 /* Project object */;
			proxyType = 1;
			remoteGlobalIDString = FC61377D2D47F36D0000FEC7;
			remoteInfo = threadline;
		};
/* End PBXContainerItemProxy section */

/* Begin PBXFileReference section */
		FC61377E2D47F36D0000FEC7 /* threadline.app */ = {isa = PBXFileReference; explicitFileType = wrapper.application; includeInIndex = 0; path = threadline.app; sourceTree = BUILT_PRODUCTS_DIR; };
		FC61378E2D47F36E0000FEC7 /* threadlineTests.xctest */ = {isa = PBXFileReference; explicitFileType = wrapper.cfbundle; includeInIndex = 0; path = threadlineTests.xctest; sourceTree = BUILT_PRODUCTS_DIR; };
		FC6137982D47F36E0000FEC7 /* threadlineUITests.xctest */ = {isa = PBXFileReference; explicitFileType = wrapper.cfbundle; includeInIndex = 0; path = threadlineUITests.xctest; sourceTree = BUILT_PRODUCTS_DIR; };
/* End PBXFileReference section */

/* Begin PBXFileSystemSynchronizedBuildFileExceptionSet section */
		92C0DA3D2D9B936900398C33 /* Exceptions for "threadline" folder in "threadline" target */ = {
			isa = PBXFileSystemSynchronizedBuildFileExceptionSet;
			membershipExceptions = (
				Info.plist,
			);
			target = FC61377D2D47F36D0000FEC7 /* threadline */;
		};
/* End PBXFileSystemSynchronizedBuildFileExceptionSet section */

/* Begin PBXFileSystemSynchronizedRootGroup section */
		FC6137802D47F36D0000FEC7 /* threadline */ = {
			isa = PBXFileSystemSynchronizedRootGroup;
			exceptions = (
				92C0DA3D2D9B936900398C33 /* Exceptions for "threadline" folder in "threadline" target */,
			);
			path = threadline;
			sourceTree = "<group>";
		};
		FC6137912D47F36E0000FEC7 /* threadlineTests */ = {
			isa = PBXFileSystemSynchronizedRootGroup;
			path = threadlineTests;
			sourceTree = "<group>";
		};
		FC61379B2D47F36E0000FEC7 /* threadlineUITests */ = {
			isa = PBXFileSystemSynchronizedRootGroup;
			path = threadlineUITests;
			sourceTree = "<group>";
		};
/* End PBXFileSystemSynchronizedRootGroup section */

/* Begin PBXFrameworksBuildPhase section */
		FC61377B2D47F36D0000FEC7 /* Frameworks */ = {
			isa = PBXFrameworksBuildPhase;
			buildActionMask = 2147483647;
			files = (
			);
			runOnlyForDeploymentPostprocessing = 0;
		};
		FC61378B2D47F36E0000FEC7 /* Frameworks */ = {
			isa = PBXFrameworksBuildPhase;
			buildActionMask = 2147483647;
			files = (
			);
			runOnlyForDeploymentPostprocessing = 0;
		};
		FC6137952D47F36E0000FEC7 /* Frameworks */ = {
			isa = PBXFrameworksBuildPhase;
			buildActionMask = 2147483647;
			files = (
			);
			runOnlyForDeploymentPostprocessing = 0;
		};
/* End PBXFrameworksBuildPhase section */

/* Begin PBXGroup section */
		FC6137752D47F36D0000FEC7 = {
			isa = PBXGroup;
			children = (
				FC6137802D47F36D0000FEC7 /* threadline */,
				FC6137912D47F36E0000FEC7 /* threadlineTests */,
				FC61379B2D47F36E0000FEC7 /* threadlineUITests */,
				FC61377F2D47F36D0000FEC7 /* Products */,
			);
			sourceTree = "<group>";
		};
		FC61377F2D47F36D0000FEC7 /* Products */ = {
			isa = PBXGroup;
			children = (
				FC61377E2D47F36D0000FEC7 /* threadline.app */,
				FC61378E2D47F36E0000FEC7 /* threadlineTests.xctest */,
				FC6137982D47F36E0000FEC7 /* threadlineUITests.xctest */,
			);
			name = Products;
			sourceTree = "<group>";
		};
/* End PBXGroup section */

/* Begin PBXNativeTarget section */
		FC61377D2D47F36D0000FEC7 /* threadline */ = {
			isa = PBXNativeTarget;
			buildConfigurationList = FC6137A22D47F36E0000FEC7 /* Build configuration list for PBXNativeTarget "threadline" */;
			buildPhases = (
				FC61377A2D47F36D0000FEC7 /* Sources */,
				FC61377B2D47F36D0000FEC7 /* Frameworks */,
				FC61377C2D47F36D0000FEC7 /* Resources */,
			);
			buildRules = (
			);
			dependencies = (
			);
			fileSystemSynchronizedGroups = (
				FC6137802D47F36D0000FEC7 /* threadline */,
			);
			name = threadline;
			packageProductDependencies = (
			);
			productName = threadline;
			productReference = FC61377E2D47F36D0000FEC7 /* threadline.app */;
			productType = "com.apple.product-type.application";
		};
		FC61378D2D47F36E0000FEC7 /* threadlineTests */ = {
			isa = PBXNativeTarget;
			buildConfigurationList = FC6137A52D47F36E0000FEC7 /* Build configuration list for PBXNativeTarget "threadlineTests" */;
			buildPhases = (
				FC61378A2D47F36E0000FEC7 /* Sources */,
				FC61378B2D47F36E0000FEC7 /* Frameworks */,
				FC61378C2D47F36E0000FEC7 /* Resources */,
			);
			buildRules = (
			);
			dependencies = (
				FC6137902D47F36E0000FEC7 /* PBXTargetDependency */,
			);
			fileSystemSynchronizedGroups = (
				FC6137912D47F36E0000FEC7 /* threadlineTests */,
			);
			name = threadlineTests;
			packageProductDependencies = (
			);
			productName = threadlineTests;
			productReference = FC61378E2D47F36E0000FEC7 /* threadlineTests.xctest */;
			productType = "com.apple.product-type.bundle.unit-test";
		};
		FC6137972D47F36E0000FEC7 /* threadlineUITests */ = {
			isa = PBXNativeTarget;
			buildConfigurationList = FC6137A82D47F36E0000FEC7 /* Build configuration list for PBXNativeTarget "threadlineUITests" */;
			buildPhases = (
				FC6137942D47F36E0000FEC7 /* Sources */,
				FC6137952D47F36E0000FEC7 /* Frameworks */,
				FC6137962D47F36E0000FEC7 /* Resources */,
			);
			buildRules = (
			);
			dependencies = (
				FC61379A2D47F36E0000FEC7 /* PBXTargetDependency */,
			);
			fileSystemSynchronizedGroups = (
				FC61379B2D47F36E0000FEC7 /* threadlineUITests */,
			);
			name = threadlineUITests;
			packageProductDependencies = (
			);
			productName = threadlineUITests;
			productReference = FC6137982D47F36E0000FEC7 /* threadlineUITests.xctest */;
			productType = "com.apple.product-type.bundle.ui-testing";
		};
/* End PBXNativeTarget section */

/* Begin PBXProject section */
		FC6137762D47F36D0000FEC7 /* Project object */ = {
			isa = PBXProject;
			attributes = {
				BuildIndependentTargetsInParallel = 1;
				LastSwiftUpdateCheck = 1620;
				LastUpgradeCheck = 1620;
				TargetAttributes = {
					FC61377D2D47F36D0000FEC7 = {
						CreatedOnToolsVersion = 16.2;
					};
					FC61378D2D47F36E0000FEC7 = {
						CreatedOnToolsVersion = 16.2;
						TestTargetID = FC61377D2D47F36D0000FEC7;
					};
					FC6137972D47F36E0000FEC7 = {
						CreatedOnToolsVersion = 16.2;
						TestTargetID = FC61377D2D47F36D0000FEC7;
					};
				};
			};
			buildConfigurationList = FC6137792D47F36D0000FEC7 /* Build configuration list for PBXProject "threadline" */;
			developmentRegion = en;
			hasScannedForEncodings = 0;
			knownRegions = (
				en,
				Base,
			);
			mainGroup = FC6137752D47F36D0000FEC7;
			minimizedProjectReferenceProxies = 1;
			preferredProjectObjectVersion = 77;
			productRefGroup = FC61377F2D47F36D0000FEC7 /* Products */;
			projectDirPath = "";
			projectRoot = "";
			targets = (
				FC61377D2D47F36D0000FEC7 /* threadline */,
				FC61378D2D47F36E0000FEC7 /* threadlineTests */,
				FC6137972D47F36E0000FEC7 /* threadlineUITests */,
			);
		};
/* End PBXProject section */

/* Begin PBXResourcesBuildPhase section */
		FC61377C2D47F36D0000FEC7 /* Resources */ = {
			isa = PBXResourcesBuildPhase;
			buildActionMask = 2147483647;
			files = (
			);
			runOnlyForDeploymentPostprocessing = 0;
		};
		FC61378C2D47F36E0000FEC7 /* Resources */ = {
			isa = PBXResourcesBuildPhase;
			buildActionMask = 2147483647;
			files = (
			);
			runOnlyForDeploymentPostprocessing = 0;
		};
		FC6137962D47F36E0000FEC7 /* Resources */ = {
			isa = PBXResourcesBuildPhase;
			buildActionMask = 2147483647;
			files = (
			);
			runOnlyForDeploymentPostprocessing = 0;
		};
/* End PBXResourcesBuildPhase section */

/* Begin PBXSourcesBuildPhase section */
		FC61377A2D47F36D0000FEC7 /* Sources */ = {
			isa = PBXSourcesBuildPhase;
			buildActionMask = 2147483647;
			files = (
			);
			runOnlyForDeploymentPostprocessing = 0;
		};
		FC61378A2D47F36E0000FEC7 /* Sources */ = {
			isa = PBXSourcesBuildPhase;
			buildActionMask = 2147483647;
			files = (
			);
			runOnlyForDeploymentPostprocessing = 0;
		};
		FC6137942D47F36E0000FEC7 /* Sources */ = {
			isa = PBXSourcesBuildPhase;
			buildActionMask = 2147483647;
			files = (
			);
			runOnlyForDeploymentPostprocessing = 0;
		};
/* End PBXSourcesBuildPhase section */

/* Begin PBXTargetDependency section */
		FC6137902D47F36E0000FEC7 /* PBXTargetDependency */ = {
			isa = PBXTargetDependency;
			target = FC61377D2D47F36D0000FEC7 /* threadline */;
			targetProxy = FC61378F2D47F36E0000FEC7 /* PBXContainerItemProxy */;
		};
		FC61379A2D47F36E0000FEC7 /* PBXTargetDependency */ = {
			isa = PBXTargetDependency;
			target = FC61377D2D47F36D0000FEC7 /* threadline */;
			targetProxy = FC6137992D47F36E0000FEC7 /* PBXContainerItemProxy */;
		};
/* End PBXTargetDependency section */

/* Begin XCBuildConfiguration section */
		FC6137A02D47F36E0000FEC7 /* Debug */ = {
			isa = XCBuildConfiguration;
			buildSettings = {
				ALWAYS_SEARCH_USER_PATHS = NO;
				ASSETCATALOG_COMPILER_GENERATE_SWIFT_ASSET_SYMBOL_EXTENSIONS = YES;
				CLANG_ANALYZER_NONNULL = YES;
				CLANG_ANALYZER_NUMBER_OBJECT_CONVERSION = YES_AGGRESSIVE;
				CLANG_CXX_LANGUAGE_STANDARD = "gnu++20";
				CLANG_ENABLE_MODULES = YES;
				CLANG_ENABLE_OBJC_ARC = YES;
				CLANG_ENABLE_OBJC_WEAK = YES;
				CLANG_WARN_BLOCK_CAPTURE_AUTORELEASING = YES;
				CLANG_WARN_BOOL_CONVERSION = YES;
				CLANG_WARN_COMMA = YES;
				CLANG_WARN_CONSTANT_CONVERSION = YES;
				CLANG_WARN_DEPRECATED_OBJC_IMPLEMENTATIONS = YES;
				CLANG_WARN_DIRECT_OBJC_ISA_USAGE = YES_ERROR;
				CLANG_WARN_DOCUMENTATION_COMMENTS = YES;
				CLANG_WARN_EMPTY_BODY = YES;
				CLANG_WARN_ENUM_CONVERSION = YES;
				CLANG_WARN_INFINITE_RECURSION = YES;
				CLANG_WARN_INT_CONVERSION = YES;
				CLANG_WARN_NON_LITERAL_NULL_CONVERSION = YES;
				CLANG_WARN_OBJC_IMPLICIT_RETAIN_SELF = YES;
				CLANG_WARN_OBJC_LITERAL_CONVERSION = YES;
				CLANG_WARN_OBJC_ROOT_CLASS = YES_ERROR;
				CLANG_WARN_QUOTED_INCLUDE_IN_FRAMEWORK_HEADER = YES;
				CLANG_WARN_RANGE_LOOP_ANALYSIS = YES;
				CLANG_WARN_STRICT_PROTOTYPES = YES;
				CLANG_WARN_SUSPICIOUS_MOVE = YES;
				CLANG_WARN_UNGUARDED_AVAILABILITY = YES_AGGRESSIVE;
				CLANG_WARN_UNREACHABLE_CODE = YES;
				CLANG_WARN__DUPLICATE_METHOD_MATCH = YES;
				COPY_PHASE_STRIP = NO;
				DEBUG_INFORMATION_FORMAT = dwarf;
				ENABLE_STRICT_OBJC_MSGSEND = YES;
				ENABLE_TESTABILITY = YES;
				ENABLE_USER_SCRIPT_SANDBOXING = YES;
				GCC_C_LANGUAGE_STANDARD = gnu17;
				GCC_DYNAMIC_NO_PIC = NO;
				GCC_NO_COMMON_BLOCKS = YES;
				GCC_OPTIMIZATION_LEVEL = 0;
				GCC_PREPROCESSOR_DEFINITIONS = (
					"DEBUG=1",
					"$(inherited)",
				);
				GCC_WARN_64_TO_32_BIT_CONVERSION = YES;
				GCC_WARN_ABOUT_RETURN_TYPE = YES_ERROR;
				GCC_WARN_UNDECLARED_SELECTOR = YES;
				GCC_WARN_UNINITIALIZED_AUTOS = YES_AGGRESSIVE;
				GCC_WARN_UNUSED_FUNCTION = YES;
				GCC_WARN_UNUSED_VARIABLE = YES;
				IPHONEOS_DEPLOYMENT_TARGET = 18.2;
				LOCALIZATION_PREFERS_STRING_CATALOGS = YES;
				MTL_ENABLE_DEBUG_INFO = INCLUDE_SOURCE;
				MTL_FAST_MATH = YES;
				ONLY_ACTIVE_ARCH = YES;
				SDKROOT = iphoneos;
				SWIFT_ACTIVE_COMPILATION_CONDITIONS = "DEBUG $(inherited)";
				SWIFT_OPTIMIZATION_LEVEL = "-Onone";
			};
			name = Debug;
		};
		FC6137A12D47F36E0000FEC7 /* Release */ = {
			isa = XCBuildConfiguration;
			buildSettings = {
				ALWAYS_SEARCH_USER_PATHS = NO;
				ASSETCATALOG_COMPILER_GENERATE_SWIFT_ASSET_SYMBOL_EXTENSIONS = YES;
				CLANG_ANALYZER_NONNULL = YES;
				CLANG_ANALYZER_NUMBER_OBJECT_CONVERSION = YES_AGGRESSIVE;
				CLANG_CXX_LANGUAGE_STANDARD = "gnu++20";
				CLANG_ENABLE_MODULES = YES;
				CLANG_ENABLE_OBJC_ARC = YES;
				CLANG_ENABLE_OBJC_WEAK = YES;
				CLANG_WARN_BLOCK_CAPTURE_AUTORELEASING = YES;
				CLANG_WARN_BOOL_CONVERSION = YES;
				CLANG_WARN_COMMA = YES;
				CLANG_WARN_CONSTANT_CONVERSION = YES;
				CLANG_WARN_DEPRECATED_OBJC_IMPLEMENTATIONS = YES;
				CLANG_WARN_DIRECT_OBJC_ISA_USAGE = YES_ERROR;
				CLANG_WARN_DOCUMENTATION_COMMENTS = YES;
				CLANG_WARN_EMPTY_BODY = YES;
				CLANG_WARN_ENUM_CONVERSION = YES;
				CLANG_WARN_INFINITE_RECURSION = YES;
				CLANG_WARN_INT_CONVERSION = YES;
				CLANG_WARN_NON_LITERAL_NULL_CONVERSION = YES;
				CLANG_WARN_OBJC_IMPLICIT_RETAIN_SELF = YES;
				CLANG_WARN_OBJC_LITERAL_CONVERSION = YES;
				CLANG_WARN_OBJC_ROOT_CLASS = YES_ERROR;
				CLANG_WARN_QUOTED_INCLUDE_IN_FRAMEWORK_HEADER = YES;
				CLANG_WARN_RANGE_LOOP_ANALYSIS = YES;
				CLANG_WARN_STRICT_PROTOTYPES = YES;
				CLANG_WARN_SUSPICIOUS_MOVE = YES;
				CLANG_WARN_UNGUARDED_AVAILABILITY = YES_AGGRESSIVE;
				CLANG_WARN_UNREACHABLE_CODE = YES;
				CLANG_WARN__DUPLICATE_METHOD_MATCH = YES;
				COPY_PHASE_STRIP = NO;
				DEBUG_INFORMATION_FORMAT = "dwarf-with-dsym";
				ENABLE_NS_ASSERTIONS = NO;
				ENABLE_STRICT_OBJC_MSGSEND = YES;
				ENABLE_USER_SCRIPT_SANDBOXING = YES;
				GCC_C_LANGUAGE_STANDARD = gnu17;
				GCC_NO_COMMON_BLOCKS = YES;
				GCC_WARN_64_TO_32_BIT_CONVERSION = YES;
				GCC_WARN_ABOUT_RETURN_TYPE = YES_ERROR;
				GCC_WARN_UNDECLARED_SELECTOR = YES;
				GCC_WARN_UNINITIALIZED_AUTOS = YES_AGGRESSIVE;
				GCC_WARN_UNUSED_FUNCTION = YES;
				GCC_WARN_UNUSED_VARIABLE = YES;
				IPHONEOS_DEPLOYMENT_TARGET = 18.2;
				LOCALIZATION_PREFERS_STRING_CATALOGS = YES;
				MTL_ENABLE_DEBUG_INFO = NO;
				MTL_FAST_MATH = YES;
				SDKROOT = iphoneos;
				SWIFT_COMPILATION_MODE = wholemodule;
				VALIDATE_PRODUCT = YES;
			};
			name = Release;
		};
		FC6137A32D47F36E0000FEC7 /* Debug */ = {
			isa = XCBuildConfiguration;
			buildSettings = {
				ASSETCATALOG_COMPILER_APPICON_NAME = AppIcon;
				ASSETCATALOG_COMPILER_GLOBAL_ACCENT_COLOR_NAME = AccentColor;
				CODE_SIGN_STYLE = Automatic;
				CURRENT_PROJECT_VERSION = 1;
				DEVELOPMENT_ASSET_PATHS = "\"threadline/Preview Content\"";
				DEVELOPMENT_TEAM = A2BBPMLTTQ;
				ENABLE_PREVIEWS = YES;
				GENERATE_INFOPLIST_FILE = YES;
				INFOPLIST_FILE = threadline/Info.plist;
				INFOPLIST_KEY_LSApplicationCategoryType = "";
				INFOPLIST_KEY_NSCameraUsageDescription = "To take photos of your clothing.";
				INFOPLIST_KEY_NSLocationWhenInUseUsageDescription = "We need your location to generate personalized recommendations for you.";
				INFOPLIST_KEY_UIApplicationSceneManifest_Generation = YES;
				INFOPLIST_KEY_UIApplicationSupportsIndirectInputEvents = YES;
				INFOPLIST_KEY_UILaunchScreen_Generation = YES;
				INFOPLIST_KEY_UISupportedInterfaceOrientations_iPad = "UIInterfaceOrientationPortrait UIInterfaceOrientationPortraitUpsideDown UIInterfaceOrientationLandscapeLeft UIInterfaceOrientationLandscapeRight";
				INFOPLIST_KEY_UISupportedInterfaceOrientations_iPhone = "UIInterfaceOrientationPortrait UIInterfaceOrientationLandscapeLeft UIInterfaceOrientationLandscapeRight";
				INFOPLIST_KEY_UIUserInterfaceStyle = Light;
				LD_RUNPATH_SEARCH_PATHS = (
					"$(inherited)",
					"@executable_path/Frameworks",
				);
				MARKETING_VERSION = 1.0;
				PRODUCT_BUNDLE_IDENTIFIER = edu.umich.threadline.threadline;
				PRODUCT_NAME = "$(TARGET_NAME)";
				SWIFT_EMIT_LOC_STRINGS = YES;
				SWIFT_VERSION = 5.0;
				TARGETED_DEVICE_FAMILY = "1,2";
			};
			name = Debug;
		};
		FC6137A42D47F36E0000FEC7 /* Release */ = {
			isa = XCBuildConfiguration;
			buildSettings = {
				ASSETCATALOG_COMPILER_APPICON_NAME = AppIcon;
				ASSETCATALOG_COMPILER_GLOBAL_ACCENT_COLOR_NAME = AccentColor;
				CODE_SIGN_STYLE = Automatic;
				CURRENT_PROJECT_VERSION = 1;
				DEVELOPMENT_ASSET_PATHS = "\"threadline/Preview Content\"";
				DEVELOPMENT_TEAM = A2BBPMLTTQ;
				ENABLE_PREVIEWS = YES;
				GENERATE_INFOPLIST_FILE = YES;
				INFOPLIST_FILE = threadline/Info.plist;
				INFOPLIST_KEY_LSApplicationCategoryType = "";
				INFOPLIST_KEY_NSCameraUsageDescription = "To take photos of your clothing.";
				INFOPLIST_KEY_NSLocationWhenInUseUsageDescription = "We need your location to generate personalized recommendations for you.";
				INFOPLIST_KEY_UIApplicationSceneManifest_Generation = YES;
				INFOPLIST_KEY_UIApplicationSupportsIndirectInputEvents = YES;
				INFOPLIST_KEY_UILaunchScreen_Generation = YES;
				INFOPLIST_KEY_UISupportedInterfaceOrientations_iPad = "UIInterfaceOrientationPortrait UIInterfaceOrientationPortraitUpsideDown UIInterfaceOrientationLandscapeLeft UIInterfaceOrientationLandscapeRight";
				INFOPLIST_KEY_UISupportedInterfaceOrientations_iPhone = "UIInterfaceOrientationPortrait UIInterfaceOrientationLandscapeLeft UIInterfaceOrientationLandscapeRight";
				INFOPLIST_KEY_UIUserInterfaceStyle = Light;
				LD_RUNPATH_SEARCH_PATHS = (
					"$(inherited)",
					"@executable_path/Frameworks",
				);
				MARKETING_VERSION = 1.0;
				PRODUCT_BUNDLE_IDENTIFIER = edu.umich.threadline.threadline;
				PRODUCT_NAME = "$(TARGET_NAME)";
				SWIFT_EMIT_LOC_STRINGS = YES;
				SWIFT_VERSION = 5.0;
				TARGETED_DEVICE_FAMILY = "1,2";
			};
			name = Release;
		};
		FC6137A62D47F36E0000FEC7 /* Debug */ = {
			isa = XCBuildConfiguration;
			buildSettings = {
				BUNDLE_LOADER = "$(TEST_HOST)";
				CODE_SIGN_STYLE = Automatic;
				CURRENT_PROJECT_VERSION = 1;
				GENERATE_INFOPLIST_FILE = YES;
				IPHONEOS_DEPLOYMENT_TARGET = 18.2;
				MARKETING_VERSION = 1.0;
				PRODUCT_BUNDLE_IDENTIFIER = edu.umich.threadline.threadlineTests;
				PRODUCT_NAME = "$(TARGET_NAME)";
				SWIFT_EMIT_LOC_STRINGS = NO;
				SWIFT_VERSION = 5.0;
				TARGETED_DEVICE_FAMILY = "1,2";
				TEST_HOST = "$(BUILT_PRODUCTS_DIR)/threadline.app/$(BUNDLE_EXECUTABLE_FOLDER_PATH)/threadline";
			};
			name = Debug;
		};
		FC6137A72D47F36E0000FEC7 /* Release */ = {
			isa = XCBuildConfiguration;
			buildSettings = {
				BUNDLE_LOADER = "$(TEST_HOST)";
				CODE_SIGN_STYLE = Automatic;
				CURRENT_PROJECT_VERSION = 1;
				GENERATE_INFOPLIST_FILE = YES;
				IPHONEOS_DEPLOYMENT_TARGET = 18.2;
				MARKETING_VERSION = 1.0;
				PRODUCT_BUNDLE_IDENTIFIER = edu.umich.threadline.threadlineTests;
				PRODUCT_NAME = "$(TARGET_NAME)";
				SWIFT_EMIT_LOC_STRINGS = NO;
				SWIFT_VERSION = 5.0;
				TARGETED_DEVICE_FAMILY = "1,2";
				TEST_HOST = "$(BUILT_PRODUCTS_DIR)/threadline.app/$(BUNDLE_EXECUTABLE_FOLDER_PATH)/threadline";
			};
			name = Release;
		};
		FC6137A92D47F36E0000FEC7 /* Debug */ = {
			isa = XCBuildConfiguration;
			buildSettings = {
				CODE_SIGN_STYLE = Automatic;
				CURRENT_PROJECT_VERSION = 1;
				GENERATE_INFOPLIST_FILE = YES;
				MARKETING_VERSION = 1.0;
				PRODUCT_BUNDLE_IDENTIFIER = edu.umich.threadline.threadlineUITests;
				PRODUCT_NAME = "$(TARGET_NAME)";
				SWIFT_EMIT_LOC_STRINGS = NO;
				SWIFT_VERSION = 5.0;
				TARGETED_DEVICE_FAMILY = "1,2";
				TEST_TARGET_NAME = threadline;
			};
			name = Debug;
		};
		FC6137AA2D47F36E0000FEC7 /* Release */ = {
			isa = XCBuildConfiguration;
			buildSettings = {
				CODE_SIGN_STYLE = Automatic;
				CURRENT_PROJECT_VERSION = 1;
				GENERATE_INFOPLIST_FILE = YES;
				MARKETING_VERSION = 1.0;
				PRODUCT_BUNDLE_IDENTIFIER = edu.umich.threadline.threadlineUITests;
				PRODUCT_NAME = "$(TARGET_NAME)";
				SWIFT_EMIT_LOC_STRINGS = NO;
				SWIFT_VERSION = 5.0;
				TARGETED_DEVICE_FAMILY = "1,2";
				TEST_TARGET_NAME = threadline;
			};
			name = Release;
		};
/* End XCBuildConfiguration section */

/* Begin XCConfigurationList section */
		FC6137792D47F36D0000FEC7 /* Build configuration list for PBXProject "threadline" */ = {
			isa = XCConfigurationList;
			buildConfigurations = (
				FC6137A02D47F36E0000FEC7 /* Debug */,
				FC6137A12D47F36E0000FEC7 /* Release */,
			);
			defaultConfigurationIsVisible = 0;
			defaultConfigurationName = Release;
		};
		FC6137A22D47F36E0000FEC7 /* Build configuration list for PBXNativeTarget "threadline" */ = {
			isa = XCConfigurationList;
			buildConfigurations = (
				FC6137A32D47F36E0000FEC7 /* Debug */,
				FC6137A42D47F36E0000FEC7 /* Release */,
			);
			defaultConfigurationIsVisible = 0;
			defaultConfigurationName = Release;
		};
		FC6137A52D47F36E0000FEC7 /* Build configuration list for PBXNativeTarget "threadlineTests" */ = {
			isa = XCConfigurationList;
			buildConfigurations = (
				FC6137A62D47F36E0000FEC7 /* Debug */,
				FC6137A72D47F36E0000FEC7 /* Release */,
			);
			defaultConfigurationIsVisible = 0;
			defaultConfigurationName = Release;
		};
		FC6137A82D47F36E0000FEC7 /* Build configuration list for PBXNativeTarget "threadlineUITests" */ = {
			isa = XCConfigurationList;
			buildConfigurations = (
				FC6137A92D47F36E0000FEC7 /* Debug */,
				FC6137AA2D47F36E0000FEC7 /* Release */,
			);
			defaultConfigurationIsVisible = 0;
			defaultConfigurationName = Release;
		};
/* End XCConfigurationList section */
	};
	rootObject = FC6137762D47F36D0000FEC7 /* Project object */;
}
